
Microsoft Visual Studio Solution File, Format Version 12.00
# Visual Studio Version 17
VisualStudioVersion = 17.14.36221.1 d17.14
MinimumVisualStudioVersion = 10.0.40219.1
Project("{FAE04EC0-301F-11D3-BF4B-00C04F79EFBC}") = "ToDoApp.Api", "ToDoApp.Api\ToDoApp.Api.csproj", "{9ED26399-48A2-49D4-80C2-E998B2951603}"
EndProject
Project("{FAE04EC0-301F-11D3-BF4B-00C04F79EFBC}") = "TodoApp.Business", "TodoApp.Business\TodoApp.Business.csproj", "{1E7148B2-0D47-4AB1-8F61-55C5C9836744}"
EndProject
Project("{FAE04EC0-301F-11D3-BF4B-00C04F79EFBC}") = "TodoApp.Data", "TodoApp.Data\TodoApp.Data.csproj", "{6F3E9C66-EFE4-4779-B2CF-238784BE2C87}"
EndProject
Project("{FAE04EC0-301F-11D3-BF4B-00C04F79EFBC}") = "TodoApp.UtilitiesAndConstants", "TodoApp.UtilitiesAndConstants\TodoApp.UtilitiesAndConstants.csproj", "{8EF25FEB-95A8-4440-ADC3-8A3D96B4D335}"
EndProject
Global
	GlobalSection(SolutionConfigurationPlatforms) = preSolution
		Debug|Any CPU = Debug|Any CPU
		Release|Any CPU = Release|Any CPU
	EndGlobalSection
	GlobalSection(ProjectConfigurationPlatforms) = postSolution
		{9ED26399-48A2-49D4-80C2-E998B2951603}.Debug|Any CPU.ActiveCfg = Debug|Any CPU
		{9ED26399-48A2-49D4-80C2-E998B2951603}.Debug|Any CPU.Build.0 = Debug|Any CPU
		{9ED26399-48A2-49D4-80C2-E998B2951603}.Release|Any CPU.ActiveCfg = Release|Any CPU
		{9ED26399-48A2-49D4-80C2-E998B2951603}.Release|Any CPU.Build.0 = Release|Any CPU
		{1E7148B2-0D47-4AB1-8F61-55C5C9836744}.Debug|Any CPU.ActiveCfg = Debug|Any CPU
		{1E7148B2-0D47-4AB1-8F61-55C5C9836744}.Debug|Any CPU.Build.0 = Debug|Any CPU
		{1E7148B2-0D47-4AB1-8F61-55C5C9836744}.Release|Any CPU.ActiveCfg = Release|Any CPU
		{1E7148B2-0D47-4AB1-8F61-55C5C9836744}.Release|Any CPU.Build.0 = Release|Any CPU
		{6F3E9C66-EFE4-4779-B2CF-238784BE2C87}.Debug|Any CPU.ActiveCfg = Debug|Any CPU
		{6F3E9C66-EFE4-4779-B2CF-238784BE2C87}.Debug|Any CPU.Build.0 = Debug|Any CPU
		{6F3E9C66-EFE4-4779-B2CF-238784BE2C87}.Release|Any CPU.ActiveCfg = Release|Any CPU
		{6F3E9C66-EFE4-4779-B2CF-238784BE2C87}.Release|Any CPU.Build.0 = Release|Any CPU
		{8EF25FEB-95A8-4440-ADC3-8A3D96B4D335}.Debug|Any CPU.ActiveCfg = Debug|Any CPU
		{8EF25FEB-95A8-4440-ADC3-8A3D96B4D335}.Debug|Any CPU.Build.0 = Debug|Any CPU
		{8EF25FEB-95A8-4440-ADC3-8A3D96B4D335}.Release|Any CPU.ActiveCfg = Release|Any CPU
		{8EF25FEB-95A8-4440-ADC3-8A3D96B4D335}.Release|Any CPU.Build.0 = Release|Any CPU
	EndGlobalSection
	GlobalSection(SolutionProperties) = preSolution
		HideSolutionNode = FALSE
	EndGlobalSection
	GlobalSection(ExtensibilityGlobals) = postSolution
		SolutionGuid = {9FF962D5-73DC-4FF8-B9AF-1DFF237DF38F}
	EndGlobalSection
EndGlobal
